// !$*UTF8*$!
{
	archiveVersion = 1;
	classes = {
	};
	objectVersion = 46;
	objects = {

/* Begin PBXBuildFile section */
		1D60589B0D05DD56006BFB54 /* main.m in Sources */ = {isa = PBXBuildFile; fileRef = 29B97316FDCFA39411CA2CEA /* main.m */; };
		1D60589F0D05DD5A006BFB54 /* Foundation.framework in Frameworks */ = {isa = PBXBuildFile; fileRef = 1D30AB110D05D00D00671497 /* Foundation.framework */; };
		1DF5F4E00D08C38300B7A737 /* UIKit.framework in Frameworks */ = {isa = PBXBuildFile; fileRef = 1DF5F4DF0D08C38300B7A737 /* UIKit.framework */; };
		288765A50DF7441C002DB57D /* CoreGraphics.framework in Frameworks */ = {isa = PBXBuildFile; fileRef = 288765A40DF7441C002DB57D /* CoreGraphics.framework */; };
		3B195D8D1345CEC100474185 /* Default@2x~iphone.png in Resources */ = {isa = PBXBuildFile; fileRef = 3B195D8C1345CEC100474185 /* Default@2x~iphone.png */; };
		3B195D911345CF8700474185 /* Default-Portrait~ipad.png in Resources */ = {isa = PBXBuildFile; fileRef = 3B195D901345CF8700474185 /* Default-Portrait~ipad.png */; };
		3B195D931345CFDD00474185 /* Default~iphone.png in Resources */ = {isa = PBXBuildFile; fileRef = 3B195D921345CFDD00474185 /* Default~iphone.png */; };
		3B26E52917E06C1600E7FD9D /* Images.xcassets in Resources */ = {isa = PBXBuildFile; fileRef = 3B26E52817E06C1600E7FD9D /* Images.xcassets */; };
		3B30E8B91515D61800CD401B /* MainWindow.xib in Resources */ = {isa = PBXBuildFile; fileRef = 3B30E8BA1515D61800CD401B /* MainWindow.xib */; };
		3B30E8BB1515D62500CD401B /* Simple_ROT13ViewController.xib in Resources */ = {isa = PBXBuildFile; fileRef = 3B30E8BC1515D62500CD401B /* Simple_ROT13ViewController.xib */; };
		3B30E8BF1515D6E700CD401B /* Default-Landscape@2x~ipad.png in Resources */ = {isa = PBXBuildFile; fileRef = 3B30E8BD1515D6E700CD401B /* Default-Landscape@2x~ipad.png */; };
		3B30E8C01515D6E700CD401B /* Default-Portrait@2x~ipad.png in Resources */ = {isa = PBXBuildFile; fileRef = 3B30E8BE1515D6E700CD401B /* Default-Portrait@2x~ipad.png */; };
		3B30E8C21515D7FD00CD401B /* Icon-72@2x.png in Resources */ = {isa = PBXBuildFile; fileRef = 3B30E8C11515D7FD00CD401B /* Icon-72@2x.png */; };
		3B7F9B7D178D458D007FCFBC /* Icon-60@2x.png in Resources */ = {isa = PBXBuildFile; fileRef = 3B7F9B6F178D42D5007FCFBC /* Icon-60@2x.png */; };
		3B7F9B7E178D4591007FCFBC /* Icon-76@2x.png in Resources */ = {isa = PBXBuildFile; fileRef = 3B7F9B71178D42D5007FCFBC /* Icon-76@2x.png */; };
		3B7F9B7F178D4594007FCFBC /* Icon-76.png in Resources */ = {isa = PBXBuildFile; fileRef = 3B7F9B70178D42D5007FCFBC /* Icon-76.png */; };
		3B8A33D8135F30E500A490FF /* Localizable.strings in Resources */ = {isa = PBXBuildFile; fileRef = 3B8A33DA135F30E500A490FF /* Localizable.strings */; };
		3B96C3B01345D7450014D4D1 /* Default-Landscape~ipad.png in Resources */ = {isa = PBXBuildFile; fileRef = 3B96C3AF1345D7450014D4D1 /* Default-Landscape~ipad.png */; };
		3BAAD0F01372C2DD00284AC7 /* Algo.m in Sources */ = {isa = PBXBuildFile; fileRef = 3BAAD0E91372C2DD00284AC7 /* Algo.m */; };
		3BAAD0F11372C2DD00284AC7 /* AlgorithmSelectorViewController.m in Sources */ = {isa = PBXBuildFile; fileRef = 3BAAD0EB1372C2DD00284AC7 /* AlgorithmSelectorViewController.m */; };
		3BAAD0F21372C2DD00284AC7 /* Simple_ROT13AppDelegate.m in Sources */ = {isa = PBXBuildFile; fileRef = 3BAAD0ED1372C2DD00284AC7 /* Simple_ROT13AppDelegate.m */; };
		3BAAD0F31372C2DD00284AC7 /* Simple_ROT13ViewController.m in Sources */ = {isa = PBXBuildFile; fileRef = 3BAAD0EF1372C2DD00284AC7 /* Simple_ROT13ViewController.m */; };
		3BAFCE9316046D5400C951EF /* Default-568h@2x~iphone.png in Resources */ = {isa = PBXBuildFile; fileRef = 3BAFCE9216046D5400C951EF /* Default-568h@2x~iphone.png */; };
		3BBE82E0135F4EDF00D68299 /* AlgorithmSelectorViewController.xib in Resources */ = {isa = PBXBuildFile; fileRef = 3BBE82DE135F4EDF00D68299 /* AlgorithmSelectorViewController.xib */; };
		B648B30B1297CDA400CF1129 /* Icon-72.png in Resources */ = {isa = PBXBuildFile; fileRef = B648B30A1297CDA400CF1129 /* Icon-72.png */; };
		B6A5A05712A6821900FF655A /* Icon@2x.png in Resources */ = {isa = PBXBuildFile; fileRef = B6A5A05612A6821900FF655A /* Icon@2x.png */; };
		B6BA5B2112A6D6BF008209AC /* Icon.png in Resources */ = {isa = PBXBuildFile; fileRef = B6BA5B2012A6D6BF008209AC /* Icon.png */; };
		B6E1322512A692EC00D38AF8 /* iTunesArtwork in Resources */ = {isa = PBXBuildFile; fileRef = B6E1322412A692EC00D38AF8 /* iTunesArtwork */; };
/* End PBXBuildFile section */

/* Begin PBXFileReference section */
		1D30AB110D05D00D00671497 /* Foundation.framework */ = {isa = PBXFileReference; lastKnownFileType = wrapper.framework; name = Foundation.framework; path = System/Library/Frameworks/Foundation.framework; sourceTree = SDKROOT; };
		1D6058910D05DD3D006BFB54 /* Simple ROT13.app */ = {isa = PBXFileReference; explicitFileType = wrapper.application; includeInIndex = 0; path = "Simple ROT13.app"; sourceTree = BUILT_PRODUCTS_DIR; };
		1DF5F4DF0D08C38300B7A737 /* UIKit.framework */ = {isa = PBXFileReference; lastKnownFileType = wrapper.framework; name = UIKit.framework; path = System/Library/Frameworks/UIKit.framework; sourceTree = SDKROOT; };
		288765A40DF7441C002DB57D /* CoreGraphics.framework */ = {isa = PBXFileReference; lastKnownFileType = wrapper.framework; name = CoreGraphics.framework; path = System/Library/Frameworks/CoreGraphics.framework; sourceTree = SDKROOT; };
		29B97316FDCFA39411CA2CEA /* main.m */ = {isa = PBXFileReference; fileEncoding = 4; lastKnownFileType = sourcecode.c.objc; path = main.m; sourceTree = "<group>"; };
		32CA4F630368D1EE00C91783 /* Simple_ROT13_Prefix.pch */ = {isa = PBXFileReference; fileEncoding = 4; lastKnownFileType = sourcecode.c.h; path = Simple_ROT13_Prefix.pch; sourceTree = "<group>"; };
		3B195D8C1345CEC100474185 /* Default@2x~iphone.png */ = {isa = PBXFileReference; lastKnownFileType = image.png; path = "Default@2x~iphone.png"; sourceTree = "<group>"; };
		3B195D901345CF8700474185 /* Default-Portrait~ipad.png */ = {isa = PBXFileReference; lastKnownFileType = image.png; path = "Default-Portrait~ipad.png"; sourceTree = "<group>"; };
		3B195D921345CFDD00474185 /* Default~iphone.png */ = {isa = PBXFileReference; lastKnownFileType = image.png; path = "Default~iphone.png"; sourceTree = "<group>"; };
		3B26E52817E06C1600E7FD9D /* Images.xcassets */ = {isa = PBXFileReference; lastKnownFileType = folder.assetcatalog; path = Images.xcassets; sourceTree = "<group>"; };
		3B30E8BA1515D61800CD401B /* MainWindow.xib */ = {isa = PBXFileReference; lastKnownFileType = file.xib; path = MainWindow.xib; sourceTree = "<group>"; };
		3B30E8BC1515D62500CD401B /* Simple_ROT13ViewController.xib */ = {isa = PBXFileReference; lastKnownFileType = file.xib; path = Simple_ROT13ViewController.xib; sourceTree = "<group>"; };
		3B30E8BD1515D6E700CD401B /* Default-Landscape@2x~ipad.png */ = {isa = PBXFileReference; lastKnownFileType = image.png; path = "Default-Landscape@2x~ipad.png"; sourceTree = "<group>"; };
		3B30E8BE1515D6E700CD401B /* Default-Portrait@2x~ipad.png */ = {isa = PBXFileReference; lastKnownFileType = image.png; path = "Default-Portrait@2x~ipad.png"; sourceTree = "<group>"; };
		3B30E8C11515D7FD00CD401B /* Icon-72@2x.png */ = {isa = PBXFileReference; lastKnownFileType = image.png; path = "Icon-72@2x.png"; sourceTree = "<group>"; };
		3B7F9B6F178D42D5007FCFBC /* Icon-60@2x.png */ = {isa = PBXFileReference; lastKnownFileType = image.png; path = "Icon-60@2x.png"; sourceTree = "<group>"; };
		3B7F9B70178D42D5007FCFBC /* Icon-76.png */ = {isa = PBXFileReference; lastKnownFileType = image.png; path = "Icon-76.png"; sourceTree = "<group>"; };
		3B7F9B71178D42D5007FCFBC /* Icon-76@2x.png */ = {isa = PBXFileReference; lastKnownFileType = image.png; path = "Icon-76@2x.png"; sourceTree = "<group>"; };
		3B8A33D9135F30E500A490FF /* en */ = {isa = PBXFileReference; fileEncoding = 4; lastKnownFileType = text.plist.strings; name = en; path = en.lproj/Localizable.strings; sourceTree = "<group>"; };
		3B8A33DB135F30ED00A490FF /* fr */ = {isa = PBXFileReference; fileEncoding = 4; lastKnownFileType = text.plist.strings; name = fr; path = fr.lproj/Localizable.strings; sourceTree = "<group>"; };
		3B96C3AF1345D7450014D4D1 /* Default-Landscape~ipad.png */ = {isa = PBXFileReference; lastKnownFileType = image.png; path = "Default-Landscape~ipad.png"; sourceTree = "<group>"; };
		3BAAD0E81372C2DD00284AC7 /* Algo.h */ = {isa = PBXFileReference; fileEncoding = 4; lastKnownFileType = sourcecode.c.h; path = Algo.h; sourceTree = "<group>"; };
		3BAAD0E91372C2DD00284AC7 /* Algo.m */ = {isa = PBXFileReference; fileEncoding = 4; lastKnownFileType = sourcecode.c.objc; path = Algo.m; sourceTree = "<group>"; };
		3BAAD0EA1372C2DD00284AC7 /* AlgorithmSelectorViewController.h */ = {isa = PBXFileReference; fileEncoding = 4; lastKnownFileType = sourcecode.c.h; path = AlgorithmSelectorViewController.h; sourceTree = "<group>"; };
		3BAAD0EB1372C2DD00284AC7 /* AlgorithmSelectorViewController.m */ = {isa = PBXFileReference; fileEncoding = 4; lastKnownFileType = sourcecode.c.objc; path = AlgorithmSelectorViewController.m; sourceTree = "<group>"; };
		3BAAD0EC1372C2DD00284AC7 /* Simple_ROT13AppDelegate.h */ = {isa = PBXFileReference; fileEncoding = 4; lastKnownFileType = sourcecode.c.h; path = Simple_ROT13AppDelegate.h; sourceTree = "<group>"; };
		3BAAD0ED1372C2DD00284AC7 /* Simple_ROT13AppDelegate.m */ = {isa = PBXFileReference; fileEncoding = 4; lastKnownFileType = sourcecode.c.objc; path = Simple_ROT13AppDelegate.m; sourceTree = "<group>"; };
		3BAAD0EE1372C2DD00284AC7 /* Simple_ROT13ViewController.h */ = {isa = PBXFileReference; fileEncoding = 4; lastKnownFileType = sourcecode.c.h; path = Simple_ROT13ViewController.h; sourceTree = "<group>"; };
		3BAAD0EF1372C2DD00284AC7 /* Simple_ROT13ViewController.m */ = {isa = PBXFileReference; fileEncoding = 4; lastKnownFileType = sourcecode.c.objc; path = Simple_ROT13ViewController.m; sourceTree = "<group>"; };
		3BAFCE9216046D5400C951EF /* Default-568h@2x~iphone.png */ = {isa = PBXFileReference; lastKnownFileType = image.png; path = "Default-568h@2x~iphone.png"; sourceTree = "<group>"; };
		3BBE82DE135F4EDF00D68299 /* AlgorithmSelectorViewController.xib */ = {isa = PBXFileReference; fileEncoding = 4; lastKnownFileType = file.xib; path = AlgorithmSelectorViewController.xib; sourceTree = "<group>"; };
		8D1107310486CEB800E47090 /* Info.plist */ = {isa = PBXFileReference; fileEncoding = 4; lastKnownFileType = text.plist.xml; path = Info.plist; plistStructureDefinitionIdentifier = "com.apple.xcode.plist.structure-definition.iphone.info-plist"; sourceTree = "<group>"; };
		B648B30A1297CDA400CF1129 /* Icon-72.png */ = {isa = PBXFileReference; lastKnownFileType = image.png; path = "Icon-72.png"; sourceTree = "<group>"; };
		B6A5A05612A6821900FF655A /* Icon@2x.png */ = {isa = PBXFileReference; lastKnownFileType = image.png; path = "Icon@2x.png"; sourceTree = "<group>"; };
		B6BA5B2012A6D6BF008209AC /* Icon.png */ = {isa = PBXFileReference; lastKnownFileType = image.png; path = Icon.png; sourceTree = "<group>"; };
		B6E1322412A692EC00D38AF8 /* iTunesArtwork */ = {isa = PBXFileReference; lastKnownFileType = text; path = iTunesArtwork; sourceTree = "<group>"; };
/* End PBXFileReference section */

/* Begin PBXFrameworksBuildPhase section */
		1D60588F0D05DD3D006BFB54 /* Frameworks */ = {
			isa = PBXFrameworksBuildPhase;
			buildActionMask = 2147483647;
			files = (
				1D60589F0D05DD5A006BFB54 /* Foundation.framework in Frameworks */,
				1DF5F4E00D08C38300B7A737 /* UIKit.framework in Frameworks */,
				288765A50DF7441C002DB57D /* CoreGraphics.framework in Frameworks */,
			);
			runOnlyForDeploymentPostprocessing = 0;
		};
/* End PBXFrameworksBuildPhase section */

/* Begin PBXGroup section */
		080E96DDFE201D6D7F000001 /* Classes */ = {
			isa = PBXGroup;
			children = (
				3BD4601D1515D4DB00854AEF /* Utils */,
				3BD4601C1515D4D300854AEF /* Controllers */,
			);
			name = Classes;
			path = "Simple ROT13";
			sourceTree = SOURCE_ROOT;
		};
		19C28FACFE9D520D11CA2CBB /* Products */ = {
			isa = PBXGroup;
			children = (
				1D6058910D05DD3D006BFB54 /* Simple ROT13.app */,
			);
			name = Products;
			sourceTree = "<group>";
		};
		29B97314FDCFA39411CA2CEA /* CustomTemplate */ = {
			isa = PBXGroup;
			children = (
				080E96DDFE201D6D7F000001 /* Classes */,
				29B97315FDCFA39411CA2CEA /* Other Sources */,
				29B97317FDCFA39411CA2CEA /* Resources */,
				29B97323FDCFA39411CA2CEA /* Frameworks */,
				19C28FACFE9D520D11CA2CBB /* Products */,
			);
			name = CustomTemplate;
			sourceTree = "<group>";
		};
		29B97315FDCFA39411CA2CEA /* Other Sources */ = {
			isa = PBXGroup;
			children = (
				32CA4F630368D1EE00C91783 /* Simple_ROT13_Prefix.pch */,
				29B97316FDCFA39411CA2CEA /* main.m */,
			);
			name = "Other Sources";
			path = "Simple ROT13";
			sourceTree = SOURCE_ROOT;
		};
		29B97317FDCFA39411CA2CEA /* Resources */ = {
			isa = PBXGroup;
			children = (
				3B26E52817E06C1600E7FD9D /* Images.xcassets */,
				3B96C3AF1345D7450014D4D1 /* Default-Landscape~ipad.png */,
				3B30E8BD1515D6E700CD401B /* Default-Landscape@2x~ipad.png */,
				3B195D901345CF8700474185 /* Default-Portrait~ipad.png */,
				3B30E8BE1515D6E700CD401B /* Default-Portrait@2x~ipad.png */,
				3B195D921345CFDD00474185 /* Default~iphone.png */,
				3B195D8C1345CEC100474185 /* Default@2x~iphone.png */,
				3BAFCE9216046D5400C951EF /* Default-568h@2x~iphone.png */,
				B6BA5B2012A6D6BF008209AC /* Icon.png */,
				B6E1322412A692EC00D38AF8 /* iTunesArtwork */,
				3B7F9B6F178D42D5007FCFBC /* Icon-60@2x.png */,
				3B7F9B70178D42D5007FCFBC /* Icon-76.png */,
				3B7F9B71178D42D5007FCFBC /* Icon-76@2x.png */,
				B6A5A05612A6821900FF655A /* Icon@2x.png */,
				B648B30A1297CDA400CF1129 /* Icon-72.png */,
				3B30E8C11515D7FD00CD401B /* Icon-72@2x.png */,
				8D1107310486CEB800E47090 /* Info.plist */,
				3B8A33DA135F30E500A490FF /* Localizable.strings */,
			);
			name = Resources;
			path = "Simple ROT13";
			sourceTree = SOURCE_ROOT;
		};
		29B97323FDCFA39411CA2CEA /* Frameworks */ = {
			isa = PBXGroup;
			children = (
				1DF5F4DF0D08C38300B7A737 /* UIKit.framework */,
				1D30AB110D05D00D00671497 /* Foundation.framework */,
				288765A40DF7441C002DB57D /* CoreGraphics.framework */,
			);
			name = Frameworks;
			sourceTree = "<group>";
		};
		3BD4601C1515D4D300854AEF /* Controllers */ = {
			isa = PBXGroup;
			children = (
				3BAAD0EA1372C2DD00284AC7 /* AlgorithmSelectorViewController.h */,
				3BAAD0EB1372C2DD00284AC7 /* AlgorithmSelectorViewController.m */,
				3BBE82DE135F4EDF00D68299 /* AlgorithmSelectorViewController.xib */,
				3BAAD0EC1372C2DD00284AC7 /* Simple_ROT13AppDelegate.h */,
				3BAAD0ED1372C2DD00284AC7 /* Simple_ROT13AppDelegate.m */,
				3BAAD0EE1372C2DD00284AC7 /* Simple_ROT13ViewController.h */,
				3BAAD0EF1372C2DD00284AC7 /* Simple_ROT13ViewController.m */,
				3B30E8BC1515D62500CD401B /* Simple_ROT13ViewController.xib */,
				3B30E8BA1515D61800CD401B /* MainWindow.xib */,
			);
			name = Controllers;
			sourceTree = "<group>";
		};
		3BD4601D1515D4DB00854AEF /* Utils */ = {
			isa = PBXGroup;
			children = (
				3BAAD0E81372C2DD00284AC7 /* Algo.h */,
				3BAAD0E91372C2DD00284AC7 /* Algo.m */,
			);
			name = Utils;
			sourceTree = "<group>";
		};
/* End PBXGroup section */

/* Begin PBXNativeTarget section */
		1D6058900D05DD3D006BFB54 /* Simple ROT13 */ = {
			isa = PBXNativeTarget;
			buildConfigurationList = 1D6058960D05DD3E006BFB54 /* Build configuration list for PBXNativeTarget "Simple ROT13" */;
			buildPhases = (
				1D60588D0D05DD3D006BFB54 /* Resources */,
				1D60588E0D05DD3D006BFB54 /* Sources */,
				1D60588F0D05DD3D006BFB54 /* Frameworks */,
			);
			buildRules = (
			);
			dependencies = (
			);
			name = "Simple ROT13";
			productName = "Simple ROT13";
			productReference = 1D6058910D05DD3D006BFB54 /* Simple ROT13.app */;
			productType = "com.apple.product-type.application";
		};
/* End PBXNativeTarget section */

/* Begin PBXProject section */
		29B97313FDCFA39411CA2CEA /* Project object */ = {
			isa = PBXProject;
			attributes = {
				LastUpgradeCheck = 0500;
				ORGANIZATIONNAME = aboudou;
				TargetAttributes = {
					1D6058900D05DD3D006BFB54 = {
						DevelopmentTeam = GBBYECNDQ9;
					};
				};
			};
			buildConfigurationList = C01FCF4E08A954540054247B /* Build configuration list for PBXProject "Simple ROT13" */;
			compatibilityVersion = "Xcode 3.2";
			developmentRegion = English;
			hasScannedForEncodings = 1;
			knownRegions = (
				English,
				Japanese,
				French,
				German,
				fr,
				en,
			);
			mainGroup = 29B97314FDCFA39411CA2CEA /* CustomTemplate */;
			projectDirPath = "";
			projectRoot = "";
			targets = (
				1D6058900D05DD3D006BFB54 /* Simple ROT13 */,
			);
		};
/* End PBXProject section */

/* Begin PBXResourcesBuildPhase section */
		1D60588D0D05DD3D006BFB54 /* Resources */ = {
			isa = PBXResourcesBuildPhase;
			buildActionMask = 2147483647;
			files = (
				3B30E8B91515D61800CD401B /* MainWindow.xib in Resources */,
				3B26E52917E06C1600E7FD9D /* Images.xcassets in Resources */,
				3B30E8BB1515D62500CD401B /* Simple_ROT13ViewController.xib in Resources */,
				B648B30B1297CDA400CF1129 /* Icon-72.png in Resources */,
				B6A5A05712A6821900FF655A /* Icon@2x.png in Resources */,
				B6E1322512A692EC00D38AF8 /* iTunesArtwork in Resources */,
				B6BA5B2112A6D6BF008209AC /* Icon.png in Resources */,
				3B195D8D1345CEC100474185 /* Default@2x~iphone.png in Resources */,
				3B195D911345CF8700474185 /* Default-Portrait~ipad.png in Resources */,
				3B195D931345CFDD00474185 /* Default~iphone.png in Resources */,
				3B7F9B7D178D458D007FCFBC /* Icon-60@2x.png in Resources */,
				3B7F9B7E178D4591007FCFBC /* Icon-76@2x.png in Resources */,
				3B96C3B01345D7450014D4D1 /* Default-Landscape~ipad.png in Resources */,
				3B8A33D8135F30E500A490FF /* Localizable.strings in Resources */,
				3BBE82E0135F4EDF00D68299 /* AlgorithmSelectorViewController.xib in Resources */,
				3B30E8BF1515D6E700CD401B /* Default-Landscape@2x~ipad.png in Resources */,
				3B30E8C01515D6E700CD401B /* Default-Portrait@2x~ipad.png in Resources */,
				3B7F9B7F178D4594007FCFBC /* Icon-76.png in Resources */,
				3B30E8C21515D7FD00CD401B /* Icon-72@2x.png in Resources */,
				3BAFCE9316046D5400C951EF /* Default-568h@2x~iphone.png in Resources */,
			);
			runOnlyForDeploymentPostprocessing = 0;
		};
/* End PBXResourcesBuildPhase section */

/* Begin PBXSourcesBuildPhase section */
		1D60588E0D05DD3D006BFB54 /* Sources */ = {
			isa = PBXSourcesBuildPhase;
			buildActionMask = 2147483647;
			files = (
				1D60589B0D05DD56006BFB54 /* main.m in Sources */,
				3BAAD0F01372C2DD00284AC7 /* Algo.m in Sources */,
				3BAAD0F11372C2DD00284AC7 /* AlgorithmSelectorViewController.m in Sources */,
				3BAAD0F21372C2DD00284AC7 /* Simple_ROT13AppDelegate.m in Sources */,
				3BAAD0F31372C2DD00284AC7 /* Simple_ROT13ViewController.m in Sources */,
			);
			runOnlyForDeploymentPostprocessing = 0;
		};
/* End PBXSourcesBuildPhase section */

/* Begin PBXVariantGroup section */
		3B8A33DA135F30E500A490FF /* Localizable.strings */ = {
			isa = PBXVariantGroup;
			children = (
				3B8A33D9135F30E500A490FF /* en */,
				3B8A33DB135F30ED00A490FF /* fr */,
			);
			name = Localizable.strings;
			sourceTree = "<group>";
		};
/* End PBXVariantGroup section */

/* Begin XCBuildConfiguration section */
		1D6058940D05DD3E006BFB54 /* Debug */ = {
			isa = XCBuildConfiguration;
			buildSettings = {
				ALWAYS_SEARCH_USER_PATHS = NO;
				ASSETCATALOG_COMPILER_LAUNCHIMAGE_NAME = LaunchImage;
				CLANG_ENABLE_OBJC_ARC = YES;
				CODE_SIGN_IDENTITY = "iPhone Developer";
				COPY_PHASE_STRIP = NO;
				GCC_DYNAMIC_NO_PIC = NO;
				GCC_OPTIMIZATION_LEVEL = 0;
				GCC_PRECOMPILE_PREFIX_HEADER = YES;
				GCC_PREFIX_HEADER = "Simple ROT13/Simple_ROT13_Prefix.pch";
				GCC_THUMB_SUPPORT = NO;
				INFOPLIST_FILE = "Simple ROT13/Info.plist";
				IPHONEOS_DEPLOYMENT_TARGET = 7.0;
				PRODUCT_NAME = "Simple ROT13";
				PROVISIONING_PROFILE = "48C75E0E-ABF1-4B37-BF58-7A6CC5B5568D";
				TARGETED_DEVICE_FAMILY = "1,2";
			};
			name = Debug;
		};
		1D6058950D05DD3E006BFB54 /* Release */ = {
			isa = XCBuildConfiguration;
			buildSettings = {
				ALWAYS_SEARCH_USER_PATHS = NO;
				ASSETCATALOG_COMPILER_LAUNCHIMAGE_NAME = LaunchImage;
				CLANG_ENABLE_OBJC_ARC = YES;
				CODE_SIGN_IDENTITY = "iPhone Developer";
				COPY_PHASE_STRIP = YES;
				GCC_PRECOMPILE_PREFIX_HEADER = YES;
				GCC_PREFIX_HEADER = "Simple ROT13/Simple_ROT13_Prefix.pch";
				GCC_THUMB_SUPPORT = NO;
				INFOPLIST_FILE = "Simple ROT13/Info.plist";
				IPHONEOS_DEPLOYMENT_TARGET = 7.0;
				PRODUCT_NAME = "Simple ROT13";
				PROVISIONING_PROFILE = "1D998D99-F19C-4603-89EC-8ECA4D55F63F";
				TARGETED_DEVICE_FAMILY = "1,2";
				VALIDATE_PRODUCT = YES;
			};
			name = Release;
		};
		C01FCF4F08A954540054247B /* Debug */ = {
			isa = XCBuildConfiguration;
			buildSettings = {
				CLANG_WARN_BOOL_CONVERSION = YES;
				CLANG_WARN_CONSTANT_CONVERSION = YES;
				CLANG_WARN_DEPRECATED_OBJC_IMPLEMENTATIONS = YES;
				CLANG_WARN_EMPTY_BODY = YES;
				CLANG_WARN_ENUM_CONVERSION = YES;
				CLANG_WARN_INT_CONVERSION = YES;
				CLANG_WARN__DUPLICATE_METHOD_MATCH = YES;
				CODE_SIGN_IDENTITY = "iPhone Developer: Arnaud Boudou (RTC3674WRG)";
				GCC_C_LANGUAGE_STANDARD = c99;
				GCC_THUMB_SUPPORT = NO;
				GCC_VERSION = com.apple.compilers.llvm.clang.1_0;
				GCC_WARN_ABOUT_MISSING_PROTOTYPES = YES;
				GCC_WARN_ABOUT_RETURN_TYPE = YES;
				GCC_WARN_UNDECLARED_SELECTOR = YES;
				GCC_WARN_UNINITIALIZED_AUTOS = YES;
				GCC_WARN_UNUSED_FUNCTION = YES;
				GCC_WARN_UNUSED_VARIABLE = YES;
				IPHONEOS_DEPLOYMENT_TARGET = 5.0;
				ONLY_ACTIVE_ARCH = YES;
				PROVISIONING_PROFILE = "48C75E0E-ABF1-4B37-BF58-7A6CC5B5568D";
				SDKROOT = iphoneos;
				TARGETED_DEVICE_FAMILY = "1,2";
			};
			name = Debug;
		};
		C01FCF5008A954540054247B /* Release */ = {
			isa = XCBuildConfiguration;
			buildSettings = {
				CLANG_WARN_BOOL_CONVERSION = YES;
				CLANG_WARN_CONSTANT_CONVERSION = YES;
				CLANG_WARN_DEPRECATED_OBJC_IMPLEMENTATIONS = YES;
				CLANG_WARN_EMPTY_BODY = YES;
				CLANG_WARN_ENUM_CONVERSION = YES;
				CLANG_WARN_INT_CONVERSION = YES;
				CLANG_WARN__DUPLICATE_METHOD_MATCH = YES;
				CODE_SIGN_IDENTITY = "iPhone Distribution: Arnaud Boudou";
				GCC_C_LANGUAGE_STANDARD = c99;
				GCC_THUMB_SUPPORT = NO;
				GCC_VERSION = com.apple.compilers.llvm.clang.1_0;
				GCC_WARN_ABOUT_MISSING_PROTOTYPES = YES;
				GCC_WARN_ABOUT_RETURN_TYPE = YES;
				GCC_WARN_UNDECLARED_SELECTOR = YES;
				GCC_WARN_UNINITIALIZED_AUTOS = YES;
				GCC_WARN_UNUSED_FUNCTION = YES;
				GCC_WARN_UNUSED_VARIABLE = YES;
				IPHONEOS_DEPLOYMENT_TARGET = 5.0;
				OTHER_CFLAGS = "-DNS_BLOCK_ASSERTIONS=1";
				PROVISIONING_PROFILE = "1D998D99-F19C-4603-89EC-8ECA4D55F63F";
				SDKROOT = iphoneos;
				TARGETED_DEVICE_FAMILY = "1,2";
			};
			name = Release;
		};
/* End XCBuildConfiguration section */

/* Begin XCConfigurationList section */
		1D6058960D05DD3E006BFB54 /* Build configuration list for PBXNativeTarget "Simple ROT13" */ = {
			isa = XCConfigurationList;
			buildConfigurations = (
				1D6058940D05DD3E006BFB54 /* Debug */,
				1D6058950D05DD3E006BFB54 /* Release */,
			);
			defaultConfigurationIsVisible = 0;
			defaultConfigurationName = Release;
		};
		C01FCF4E08A954540054247B /* Build configuration list for PBXProject "Simple ROT13" */ = {
			isa = XCConfigurationList;
			buildConfigurations = (
				C01FCF4F08A954540054247B /* Debug */,
				C01FCF5008A954540054247B /* Release */,
			);
			defaultConfigurationIsVisible = 0;
			defaultConfigurationName = Release;
		};
/* End XCConfigurationList section */
	};
	rootObject = 29B97313FDCFA39411CA2CEA /* Project object */;
}
